
Microsoft Visual Studio Solution File, Format Version 12.00
# Visual Studio Version 16
VisualStudioVersion = 16.0.29519.181
MinimumVisualStudioVersion = 10.0.40219.1
Project("{FAE04EC0-301F-11D3-BF4B-00C04F79EFBC}") = "AOImplants", "AOImplants.csproj", "{E4E202B5-5827-4F2D-8411-6E2A9F5CFC30}"
EndProject
Global
	GlobalSection(SolutionConfigurationPlatforms) = preSolution
		Debug|Any CPU = Debug|Any CPU
		Release|Any CPU = Release|Any CPU
	EndGlobalSection
	GlobalSection(ProjectConfigurationPlatforms) = postSolution
		{E4E202B5-5827-4F2D-8411-6E2A9F5CFC30}.Debug|Any CPU.ActiveCfg = Debug|Any CPU
		{E4E202B5-5827-4F2D-8411-6E2A9F5CFC30}.Debug|Any CPU.Build.0 = Debug|Any CPU
		{E4E202B5-5827-4F2D-8411-6E2A9F5CFC30}.Release|Any CPU.ActiveCfg = Release|Any CPU
		{E4E202B5-5827-4F2D-8411-6E2A9F5CFC30}.Release|Any CPU.Build.0 = Release|Any CPU
	EndGlobalSection
	GlobalSection(SolutionProperties) = preSolution
		HideSolutionNode = FALSE
	EndGlobalSection
	GlobalSection(ExtensibilityGlobals) = postSolution
		SolutionGuid = {7AD6FD97-2701-4E88-ABD0-28CE2261F896}
	EndGlobalSection
EndGlobal
